// !$*UTF8*$!
{
	archiveVersion = 1;
	classes = {
	};
	objectVersion = 50;
	objects = {

/* Begin PBXBuildFile section */
		870D45AF2220BBF200A8BFBF /* AppDelegate.swift in Sources */ = {isa = PBXBuildFile; fileRef = 870D45AE2220BBF200A8BFBF /* AppDelegate.swift */; };
		870D45B12220BBF200A8BFBF /* ViewController.swift in Sources */ = {isa = PBXBuildFile; fileRef = 870D45B02220BBF200A8BFBF /* ViewController.swift */; };
		870D45B42220BBF200A8BFBF /* Main.storyboard in Resources */ = {isa = PBXBuildFile; fileRef = 870D45B22220BBF200A8BFBF /* Main.storyboard */; };
		870D45B62220BBF300A8BFBF /* Assets.xcassets in Resources */ = {isa = PBXBuildFile; fileRef = 870D45B52220BBF300A8BFBF /* Assets.xcassets */; };
		870D45B92220BBF300A8BFBF /* LaunchScreen.storyboard in Resources */ = {isa = PBXBuildFile; fileRef = 870D45B72220BBF300A8BFBF /* LaunchScreen.storyboard */; };
		870D45C42220BBF300A8BFBF /* iQuizTests.swift in Sources */ = {isa = PBXBuildFile; fileRef = 870D45C32220BBF300A8BFBF /* iQuizTests.swift */; };
		870D45CF2220BBF300A8BFBF /* iQuizUITests.swift in Sources */ = {isa = PBXBuildFile; fileRef = 870D45CE2220BBF300A8BFBF /* iQuizUITests.swift */; };
		87A41E9822249CF900D059C0 /* FinishViewController.swift in Sources */ = {isa = PBXBuildFile; fileRef = 87A41E9722249CF900D059C0 /* FinishViewController.swift */; };
		87C524012220D7E00087C155 /* QuestionViewController.swift in Sources */ = {isa = PBXBuildFile; fileRef = 87C524002220D7E00087C155 /* QuestionViewController.swift */; };
		87C52403222133620087C155 /* AnswerViewController.swift in Sources */ = {isa = PBXBuildFile; fileRef = 87C52402222133620087C155 /* AnswerViewController.swift */; };
/* End PBXBuildFile section */

/* Begin PBXContainerItemProxy section */
		870D45C02220BBF300A8BFBF /* PBXContainerItemProxy */ = {
			isa = PBXContainerItemProxy;
			containerPortal = 870D45A32220BBF200A8BFBF /* Project object */;
			proxyType = 1;
			remoteGlobalIDString = 870D45AA2220BBF200A8BFBF;
			remoteInfo = iQuiz;
		};
		870D45CB2220BBF300A8BFBF /* PBXContainerItemProxy */ = {
			isa = PBXContainerItemProxy;
			containerPortal = 870D45A32220BBF200A8BFBF /* Project object */;
			proxyType = 1;
			remoteGlobalIDString = 870D45AA2220BBF200A8BFBF;
			remoteInfo = iQuiz;
		};
/* End PBXContainerItemProxy section */

/* Begin PBXFileReference section */
		870D45AB2220BBF200A8BFBF /* iQuiz.app */ = {isa = PBXFileReference; explicitFileType = wrapper.application; includeInIndex = 0; path = iQuiz.app; sourceTree = BUILT_PRODUCTS_DIR; };
		870D45AE2220BBF200A8BFBF /* AppDelegate.swift */ = {isa = PBXFileReference; lastKnownFileType = sourcecode.swift; path = AppDelegate.swift; sourceTree = "<group>"; };
		870D45B02220BBF200A8BFBF /* ViewController.swift */ = {isa = PBXFileReference; lastKnownFileType = sourcecode.swift; path = ViewController.swift; sourceTree = "<group>"; };
		870D45B32220BBF200A8BFBF /* Base */ = {isa = PBXFileReference; lastKnownFileType = file.storyboard; name = Base; path = Base.lproj/Main.storyboard; sourceTree = "<group>"; };
		870D45B52220BBF300A8BFBF /* Assets.xcassets */ = {isa = PBXFileReference; lastKnownFileType = folder.assetcatalog; path = Assets.xcassets; sourceTree = "<group>"; };
		870D45B82220BBF300A8BFBF /* Base */ = {isa = PBXFileReference; lastKnownFileType = file.storyboard; name = Base; path = Base.lproj/LaunchScreen.storyboard; sourceTree = "<group>"; };
		870D45BA2220BBF300A8BFBF /* Info.plist */ = {isa = PBXFileReference; lastKnownFileType = text.plist.xml; path = Info.plist; sourceTree = "<group>"; };
		870D45BF2220BBF300A8BFBF /* iQuizTests.xctest */ = {isa = PBXFileReference; explicitFileType = wrapper.cfbundle; includeInIndex = 0; path = iQuizTests.xctest; sourceTree = BUILT_PRODUCTS_DIR; };
		870D45C32220BBF300A8BFBF /* iQuizTests.swift */ = {isa = PBXFileReference; lastKnownFileType = sourcecode.swift; path = iQuizTests.swift; sourceTree = "<group>"; };
		870D45C52220BBF300A8BFBF /* Info.plist */ = {isa = PBXFileReference; lastKnownFileType = text.plist.xml; path = Info.plist; sourceTree = "<group>"; };
		870D45CA2220BBF300A8BFBF /* iQuizUITests.xctest */ = {isa = PBXFileReference; explicitFileType = wrapper.cfbundle; includeInIndex = 0; path = iQuizUITests.xctest; sourceTree = BUILT_PRODUCTS_DIR; };
		870D45CE2220BBF300A8BFBF /* iQuizUITests.swift */ = {isa = PBXFileReference; lastKnownFileType = sourcecode.swift; path = iQuizUITests.swift; sourceTree = "<group>"; };
		870D45D02220BBF300A8BFBF /* Info.plist */ = {isa = PBXFileReference; lastKnownFileType = text.plist.xml; path = Info.plist; sourceTree = "<group>"; };
		87A41E9722249CF900D059C0 /* FinishViewController.swift */ = {isa = PBXFileReference; lastKnownFileType = sourcecode.swift; path = FinishViewController.swift; sourceTree = "<group>"; };
		87C524002220D7E00087C155 /* QuestionViewController.swift */ = {isa = PBXFileReference; lastKnownFileType = sourcecode.swift; path = QuestionViewController.swift; sourceTree = "<group>"; };
		87C52402222133620087C155 /* AnswerViewController.swift */ = {isa = PBXFileReference; lastKnownFileType = sourcecode.swift; path = AnswerViewController.swift; sourceTree = "<group>"; };
/* End PBXFileReference section */

/* Begin PBXFrameworksBuildPhase section */
		870D45A82220BBF200A8BFBF /* Frameworks */ = {
			isa = PBXFrameworksBuildPhase;
			buildActionMask = 2147483647;
			files = (
			);
			runOnlyForDeploymentPostprocessing = 0;
		};
		870D45BC2220BBF300A8BFBF /* Frameworks */ = {
			isa = PBXFrameworksBuildPhase;
			buildActionMask = 2147483647;
			files = (
			);
			runOnlyForDeploymentPostprocessing = 0;
		};
		870D45C72220BBF300A8BFBF /* Frameworks */ = {
			isa = PBXFrameworksBuildPhase;
			buildActionMask = 2147483647;
			files = (
			);
			runOnlyForDeploymentPostprocessing = 0;
		};
/* End PBXFrameworksBuildPhase section */

/* Begin PBXGroup section */
		870D45A22220BBF200A8BFBF = {
			isa = PBXGroup;
			children = (
				870D45AD2220BBF200A8BFBF /* iQuiz */,
				870D45C22220BBF300A8BFBF /* iQuizTests */,
				870D45CD2220BBF300A8BFBF /* iQuizUITests */,
				870D45AC2220BBF200A8BFBF /* Products */,
			);
			sourceTree = "<group>";
		};
		870D45AC2220BBF200A8BFBF /* Products */ = {
			isa = PBXGroup;
			children = (
				870D45AB2220BBF200A8BFBF /* iQuiz.app */,
				870D45BF2220BBF300A8BFBF /* iQuizTests.xctest */,
				870D45CA2220BBF300A8BFBF /* iQuizUITests.xctest */,
			);
			name = Products;
			sourceTree = "<group>";
		};
		870D45AD2220BBF200A8BFBF /* iQuiz */ = {
			isa = PBXGroup;
			children = (
				870D45AE2220BBF200A8BFBF /* AppDelegate.swift */,
				870D45B02220BBF200A8BFBF /* ViewController.swift */,
				87C52402222133620087C155 /* AnswerViewController.swift */,
				87C524002220D7E00087C155 /* QuestionViewController.swift */,
				87A41E9722249CF900D059C0 /* FinishViewController.swift */,
				870D45B22220BBF200A8BFBF /* Main.storyboard */,
				870D45B52220BBF300A8BFBF /* Assets.xcassets */,
				870D45B72220BBF300A8BFBF /* LaunchScreen.storyboard */,
				870D45BA2220BBF300A8BFBF /* Info.plist */,
			);
			path = iQuiz;
			sourceTree = "<group>";
		};
		870D45C22220BBF300A8BFBF /* iQuizTests */ = {
			isa = PBXGroup;
			children = (
				870D45C32220BBF300A8BFBF /* iQuizTests.swift */,
				870D45C52220BBF300A8BFBF /* Info.plist */,
			);
			path = iQuizTests;
			sourceTree = "<group>";
		};
		870D45CD2220BBF300A8BFBF /* iQuizUITests */ = {
			isa = PBXGroup;
			children = (
				870D45CE2220BBF300A8BFBF /* iQuizUITests.swift */,
				870D45D02220BBF300A8BFBF /* Info.plist */,
			);
			path = iQuizUITests;
			sourceTree = "<group>";
		};
/* End PBXGroup section */

/* Begin PBXNativeTarget section */
		870D45AA2220BBF200A8BFBF /* iQuiz */ = {
			isa = PBXNativeTarget;
			buildConfigurationList = 870D45D32220BBF300A8BFBF /* Build configuration list for PBXNativeTarget "iQuiz" */;
			buildPhases = (
				870D45A72220BBF200A8BFBF /* Sources */,
				870D45A82220BBF200A8BFBF /* Frameworks */,
				870D45A92220BBF200A8BFBF /* Resources */,
			);
			buildRules = (
			);
			dependencies = (
			);
			name = iQuiz;
			productName = iQuiz;
			productReference = 870D45AB2220BBF200A8BFBF /* iQuiz.app */;
			productType = "com.apple.product-type.application";
		};
		870D45BE2220BBF300A8BFBF /* iQuizTests */ = {
			isa = PBXNativeTarget;
			buildConfigurationList = 870D45D62220BBF300A8BFBF /* Build configuration list for PBXNativeTarget "iQuizTests" */;
			buildPhases = (
				870D45BB2220BBF300A8BFBF /* Sources */,
				870D45BC2220BBF300A8BFBF /* Frameworks */,
				870D45BD2220BBF300A8BFBF /* Resources */,
			);
			buildRules = (
			);
			dependencies = (
				870D45C12220BBF300A8BFBF /* PBXTargetDependency */,
			);
			name = iQuizTests;
			productName = iQuizTests;
			productReference = 870D45BF2220BBF300A8BFBF /* iQuizTests.xctest */;
			productType = "com.apple.product-type.bundle.unit-test";
		};
		870D45C92220BBF300A8BFBF /* iQuizUITests */ = {
			isa = PBXNativeTarget;
			buildConfigurationList = 870D45D92220BBF300A8BFBF /* Build configuration list for PBXNativeTarget "iQuizUITests" */;
			buildPhases = (
				870D45C62220BBF300A8BFBF /* Sources */,
				870D45C72220BBF300A8BFBF /* Frameworks */,
				870D45C82220BBF300A8BFBF /* Resources */,
			);
			buildRules = (
			);
			dependencies = (
				870D45CC2220BBF300A8BFBF /* PBXTargetDependency */,
			);
			name = iQuizUITests;
			productName = iQuizUITests;
			productReference = 870D45CA2220BBF300A8BFBF /* iQuizUITests.xctest */;
			productType = "com.apple.product-type.bundle.ui-testing";
		};
/* End PBXNativeTarget section */

/* Begin PBXProject section */
		870D45A32220BBF200A8BFBF /* Project object */ = {
			isa = PBXProject;
			attributes = {
				LastSwiftUpdateCheck = 1010;
				LastUpgradeCheck = 1010;
				ORGANIZATIONNAME = "Keegan Hanes";
				TargetAttributes = {
					870D45AA2220BBF200A8BFBF = {
						CreatedOnToolsVersion = 10.1;
					};
					870D45BE2220BBF300A8BFBF = {
						CreatedOnToolsVersion = 10.1;
						TestTargetID = 870D45AA2220BBF200A8BFBF;
					};
					870D45C92220BBF300A8BFBF = {
						CreatedOnToolsVersion = 10.1;
						TestTargetID = 870D45AA2220BBF200A8BFBF;
					};
				};
			};
			buildConfigurationList = 870D45A62220BBF200A8BFBF /* Build configuration list for PBXProject "iQuiz" */;
			compatibilityVersion = "Xcode 9.3";
			developmentRegion = en;
			hasScannedForEncodings = 0;
			knownRegions = (
				en,
				Base,
			);
			mainGroup = 870D45A22220BBF200A8BFBF;
			productRefGroup = 870D45AC2220BBF200A8BFBF /* Products */;
			projectDirPath = "";
			projectRoot = "";
			targets = (
				870D45AA2220BBF200A8BFBF /* iQuiz */,
				870D45BE2220BBF300A8BFBF /* iQuizTests */,
				870D45C92220BBF300A8BFBF /* iQuizUITests */,
			);
		};
/* End PBXProject section */

/* Begin PBXResourcesBuildPhase section */
		870D45A92220BBF200A8BFBF /* Resources */ = {
			isa = PBXResourcesBuildPhase;
			buildActionMask = 2147483647;
			files = (
				870D45B92220BBF300A8BFBF /* LaunchScreen.storyboard in Resources */,
				870D45B62220BBF300A8BFBF /* Assets.xcassets in Resources */,
				870D45B42220BBF200A8BFBF /* Main.storyboard in Resources */,
			);
			runOnlyForDeploymentPostprocessing = 0;
		};
		870D45BD2220BBF300A8BFBF /* Resources */ = {
			isa = PBXResourcesBuildPhase;
			buildActionMask = 2147483647;
			files = (
			);
			runOnlyForDeploymentPostprocessing = 0;
		};
		870D45C82220BBF300A8BFBF /* Resources */ = {
			isa = PBXResourcesBuildPhase;
			buildActionMask = 2147483647;
			files = (
			);
			runOnlyForDeploymentPostprocessing = 0;
		};
/* End PBXResourcesBuildPhase section */

/* Begin PBXSourcesBuildPhase section */
		870D45A72220BBF200A8BFBF /* Sources */ = {
			isa = PBXSourcesBuildPhase;
			buildActionMask = 2147483647;
			files = (
				87C52403222133620087C155 /* AnswerViewController.swift in Sources */,
				87A41E9822249CF900D059C0 /* FinishViewController.swift in Sources */,
				870D45B12220BBF200A8BFBF /* ViewController.swift in Sources */,
				870D45AF2220BBF200A8BFBF /* AppDelegate.swift in Sources */,
				87C524012220D7E00087C155 /* QuestionViewController.swift in Sources */,
			);
			runOnlyForDeploymentPostprocessing = 0;
		};
		870D45BB2220BBF300A8BFBF /* Sources */ = {
			isa = PBXSourcesBuildPhase;
			buildActionMask = 2147483647;
			files = (
				870D45C42220BBF300A8BFBF /* iQuizTests.swift in Sources */,
			);
			runOnlyForDeploymentPostprocessing = 0;
		};
		870D45C62220BBF300A8BFBF /* Sources */ = {
			isa = PBXSourcesBuildPhase;
			buildActionMask = 2147483647;
			files = (
				870D45CF2220BBF300A8BFBF /* iQuizUITests.swift in Sources */,
			);
			runOnlyForDeploymentPostprocessing = 0;
		};
/* End PBXSourcesBuildPhase section */

/* Begin PBXTargetDependency section */
		870D45C12220BBF300A8BFBF /* PBXTargetDependency */ = {
			isa = PBXTargetDependency;
			target = 870D45AA2220BBF200A8BFBF /* iQuiz */;
			targetProxy = 870D45C02220BBF300A8BFBF /* PBXContainerItemProxy */;
		};
		870D45CC2220BBF300A8BFBF /* PBXTargetDependency */ = {
			isa = PBXTargetDependency;
			target = 870D45AA2220BBF200A8BFBF /* iQuiz */;
			targetProxy = 870D45CB2220BBF300A8BFBF /* PBXContainerItemProxy */;
		};
/* End PBXTargetDependency section */

/* Begin PBXVariantGroup section */
		870D45B22220BBF200A8BFBF /* Main.storyboard */ = {
			isa = PBXVariantGroup;
			children = (
				870D45B32220BBF200A8BFBF /* Base */,
			);
			name = Main.storyboard;
			sourceTree = "<group>";
		};
		870D45B72220BBF300A8BFBF /* LaunchScreen.storyboard */ = {
			isa = PBXVariantGroup;
			children = (
				870D45B82220BBF300A8BFBF /* Base */,
			);
			name = LaunchScreen.storyboard;
			sourceTree = "<group>";
		};
/* End PBXVariantGroup section */

/* Begin XCBuildConfiguration section */
		870D45D12220BBF300A8BFBF /* Debug */ = {
			isa = XCBuildConfiguration;
			buildSettings = {
				ALWAYS_SEARCH_USER_PATHS = NO;
				CLANG_ANALYZER_NONNULL = YES;
				CLANG_ANALYZER_NUMBER_OBJECT_CONVERSION = YES_AGGRESSIVE;
				CLANG_CXX_LANGUAGE_STANDARD = "gnu++14";
				CLANG_CXX_LIBRARY = "libc++";
				CLANG_ENABLE_MODULES = YES;
				CLANG_ENABLE_OBJC_ARC = YES;
				CLANG_ENABLE_OBJC_WEAK = YES;
				CLANG_WARN_BLOCK_CAPTURE_AUTORELEASING = YES;
				CLANG_WARN_BOOL_CONVERSION = YES;
				CLANG_WARN_COMMA = YES;
				CLANG_WARN_CONSTANT_CONVERSION = YES;
				CLANG_WARN_DEPRECATED_OBJC_IMPLEMENTATIONS = YES;
				CLANG_WARN_DIRECT_OBJC_ISA_USAGE = YES_ERROR;
				CLANG_WARN_DOCUMENTATION_COMMENTS = YES;
				CLANG_WARN_EMPTY_BODY = YES;
				CLANG_WARN_ENUM_CONVERSION = YES;
				CLANG_WARN_INFINITE_RECURSION = YES;
				CLANG_WARN_INT_CONVERSION = YES;
				CLANG_WARN_NON_LITERAL_NULL_CONVERSION = YES;
				CLANG_WARN_OBJC_IMPLICIT_RETAIN_SELF = YES;
				CLANG_WARN_OBJC_LITERAL_CONVERSION = YES;
				CLANG_WARN_OBJC_ROOT_CLASS = YES_ERROR;
				CLANG_WARN_RANGE_LOOP_ANALYSIS = YES;
				CLANG_WARN_STRICT_PROTOTYPES = YES;
				CLANG_WARN_SUSPICIOUS_MOVE = YES;
				CLANG_WARN_UNGUARDED_AVAILABILITY = YES_AGGRESSIVE;
				CLANG_WARN_UNREACHABLE_CODE = YES;
				CLANG_WARN__DUPLICATE_METHOD_MATCH = YES;
				CODE_SIGN_IDENTITY = "iPhone Developer";
				COPY_PHASE_STRIP = NO;
				DEBUG_INFORMATION_FORMAT = dwarf;
				ENABLE_STRICT_OBJC_MSGSEND = YES;
				ENABLE_TESTABILITY = YES;
				GCC_C_LANGUAGE_STANDARD = gnu11;
				GCC_DYNAMIC_NO_PIC = NO;
				GCC_NO_COMMON_BLOCKS = YES;
				GCC_OPTIMIZATION_LEVEL = 0;
				GCC_PREPROCESSOR_DEFINITIONS = (
					"DEBUG=1",
					"$(inherited)",
				);
				GCC_WARN_64_TO_32_BIT_CONVERSION = YES;
				GCC_WARN_ABOUT_RETURN_TYPE = YES_ERROR;
				GCC_WARN_UNDECLARED_SELECTOR = YES;
				GCC_WARN_UNINITIALIZED_AUTOS = YES_AGGRESSIVE;
				GCC_WARN_UNUSED_FUNCTION = YES;
				GCC_WARN_UNUSED_VARIABLE = YES;
				IPHONEOS_DEPLOYMENT_TARGET = 12.1;
				MTL_ENABLE_DEBUG_INFO = INCLUDE_SOURCE;
				MTL_FAST_MATH = YES;
				ONLY_ACTIVE_ARCH = YES;
				SDKROOT = iphoneos;
				SWIFT_ACTIVE_COMPILATION_CONDITIONS = DEBUG;
				SWIFT_OPTIMIZATION_LEVEL = "-Onone";
			};
			name = Debug;
		};
		870D45D22220BBF300A8BFBF /* Release */ = {
			isa = XCBuildConfiguration;
			buildSettings = {
				ALWAYS_SEARCH_USER_PATHS = NO;
				CLANG_ANALYZER_NONNULL = YES;
				CLANG_ANALYZER_NUMBER_OBJECT_CONVERSION = YES_AGGRESSIVE;
				CLANG_CXX_LANGUAGE_STANDARD = "gnu++14";
				CLANG_CXX_LIBRARY = "libc++";
				CLANG_ENABLE_MODULES = YES;
				CLANG_ENABLE_OBJC_ARC = YES;
				CLANG_ENABLE_OBJC_WEAK = YES;
				CLANG_WARN_BLOCK_CAPTURE_AUTORELEASING = YES;
				CLANG_WARN_BOOL_CONVERSION = YES;
				CLANG_WARN_COMMA = YES;
				CLANG_WARN_CONSTANT_CONVERSION = YES;
				CLANG_WARN_DEPRECATED_OBJC_IMPLEMENTATIONS = YES;
				CLANG_WARN_DIRECT_OBJC_ISA_USAGE = YES_ERROR;
				CLANG_WARN_DOCUMENTATION_COMMENTS = YES;
				CLANG_WARN_EMPTY_BODY = YES;
				CLANG_WARN_ENUM_CONVERSION = YES;
				CLANG_WARN_INFINITE_RECURSION = YES;
				CLANG_WARN_INT_CONVERSION = YES;
				CLANG_WARN_NON_LITERAL_NULL_CONVERSION = YES;
				CLANG_WARN_OBJC_IMPLICIT_RETAIN_SELF = YES;
				CLANG_WARN_OBJC_LITERAL_CONVERSION = YES;
				CLANG_WARN_OBJC_ROOT_CLASS = YES_ERROR;
				CLANG_WARN_RANGE_LOOP_ANALYSIS = YES;
				CLANG_WARN_STRICT_PROTOTYPES = YES;
				CLANG_WARN_SUSPICIOUS_MOVE = YES;
				CLANG_WARN_UNGUARDED_AVAILABILITY = YES_AGGRESSIVE;
				CLANG_WARN_UNREACHABLE_CODE = YES;
				CLANG_WARN__DUPLICATE_METHOD_MATCH = YES;
				CODE_SIGN_IDENTITY = "iPhone Developer";
				COPY_PHASE_STRIP = NO;
				DEBUG_INFORMATION_FORMAT = "dwarf-with-dsym";
				ENABLE_NS_ASSERTIONS = NO;
				ENABLE_STRICT_OBJC_MSGSEND = YES;
				GCC_C_LANGUAGE_STANDARD = gnu11;
				GCC_NO_COMMON_BLOCKS = YES;
				GCC_WARN_64_TO_32_BIT_CONVERSION = YES;
				GCC_WARN_ABOUT_RETURN_TYPE = YES_ERROR;
				GCC_WARN_UNDECLARED_SELECTOR = YES;
				GCC_WARN_UNINITIALIZED_AUTOS = YES_AGGRESSIVE;
				GCC_WARN_UNUSED_FUNCTION = YES;
				GCC_WARN_UNUSED_VARIABLE = YES;
				IPHONEOS_DEPLOYMENT_TARGET = 12.1;
				MTL_ENABLE_DEBUG_INFO = NO;
				MTL_FAST_MATH = YES;
				SDKROOT = iphoneos;
				SWIFT_COMPILATION_MODE = wholemodule;
				SWIFT_OPTIMIZATION_LEVEL = "-O";
				VALIDATE_PRODUCT = YES;
			};
			name = Release;
		};
		870D45D42220BBF300A8BFBF /* Debug */ = {
			isa = XCBuildConfiguration;
			buildSettings = {
				ASSETCATALOG_COMPILER_APPICON_NAME = AppIcon;
				CODE_SIGN_STYLE = Automatic;
				DEVELOPMENT_TEAM = 92FZ2QG34X;
				INFOPLIST_FILE = iQuiz/Info.plist;
				LD_RUNPATH_SEARCH_PATHS = (
					"$(inherited)",
					"@executable_path/Frameworks",
				);
				PRODUCT_BUNDLE_IDENTIFIER = keeganhanes.iQuiz;
				PRODUCT_NAME = "$(TARGET_NAME)";
				SWIFT_VERSION = 4.2;
				TARGETED_DEVICE_FAMILY = "1,2";
			};
			name = Debug;
		};
		870D45D52220BBF300A8BFBF /* Release */ = {
			isa = XCBuildConfiguration;
			buildSettings = {
				ASSETCATALOG_COMPILER_APPICON_NAME = AppIcon;
				CODE_SIGN_STYLE = Automatic;
				DEVELOPMENT_TEAM = 92FZ2QG34X;
				INFOPLIST_FILE = iQuiz/Info.plist;
				LD_RUNPATH_SEARCH_PATHS = (
					"$(inherited)",
					"@executable_path/Frameworks",
				);
				PRODUCT_BUNDLE_IDENTIFIER = keeganhanes.iQuiz;
				PRODUCT_NAME = "$(TARGET_NAME)";
				SWIFT_VERSION = 4.2;
				TARGETED_DEVICE_FAMILY = "1,2";
			};
			name = Release;
		};
		870D45D72220BBF300A8BFBF /* Debug */ = {
			isa = XCBuildConfiguration;
			buildSettings = {
				ALWAYS_EMBED_SWIFT_STANDARD_LIBRARIES = YES;
				BUNDLE_LOADER = "$(TEST_HOST)";
				CODE_SIGN_STYLE = Automatic;
				DEVELOPMENT_TEAM = 92FZ2QG34X;
				INFOPLIST_FILE = iQuizTests/Info.plist;
				LD_RUNPATH_SEARCH_PATHS = (
					"$(inherited)",
					"@executable_path/Frameworks",
					"@loader_path/Frameworks",
				);
				PRODUCT_BUNDLE_IDENTIFIER = keeganhanes.iQuizTests;
				PRODUCT_NAME = "$(TARGET_NAME)";
				SWIFT_VERSION = 4.2;
				TARGETED_DEVICE_FAMILY = "1,2";
				TEST_HOST = "$(BUILT_PRODUCTS_DIR)/iQuiz.app/iQuiz";
			};
			name = Debug;
		};
		870D45D82220BBF300A8BFBF /* Release */ = {
			isa = XCBuildConfiguration;
			buildSettings = {
				ALWAYS_EMBED_SWIFT_STANDARD_LIBRARIES = YES;
				BUNDLE_LOADER = "$(TEST_HOST)";
				CODE_SIGN_STYLE = Automatic;
				DEVELOPMENT_TEAM = 92FZ2QG34X;
				INFOPLIST_FILE = iQuizTests/Info.plist;
				LD_RUNPATH_SEARCH_PATHS = (
					"$(inherited)",
					"@executable_path/Frameworks",
					"@loader_path/Frameworks",
				);
				PRODUCT_BUNDLE_IDENTIFIER = keeganhanes.iQuizTests;
				PRODUCT_NAME = "$(TARGET_NAME)";
				SWIFT_VERSION = 4.2;
				TARGETED_DEVICE_FAMILY = "1,2";
				TEST_HOST = "$(BUILT_PRODUCTS_DIR)/iQuiz.app/iQuiz";
			};
			name = Release;
		};
		870D45DA2220BBF300A8BFBF /* Debug */ = {
			isa = XCBuildConfiguration;
			buildSettings = {
				ALWAYS_EMBED_SWIFT_STANDARD_LIBRARIES = YES;
				CODE_SIGN_STYLE = Automatic;
				DEVELOPMENT_TEAM = 92FZ2QG34X;
				INFOPLIST_FILE = iQuizUITests/Info.plist;
				LD_RUNPATH_SEARCH_PATHS = (
					"$(inherited)",
					"@executable_path/Frameworks",
					"@loader_path/Frameworks",
				);
				PRODUCT_BUNDLE_IDENTIFIER = keeganhanes.iQuizUITests;
				PRODUCT_NAME = "$(TARGET_NAME)";
				SWIFT_VERSION = 4.2;
				TARGETED_DEVICE_FAMILY = "1,2";
				TEST_TARGET_NAME = iQuiz;
			};
			name = Debug;
		};
		870D45DB2220BBF300A8BFBF /* Release */ = {
			isa = XCBuildConfiguration;
			buildSettings = {
				ALWAYS_EMBED_SWIFT_STANDARD_LIBRARIES = YES;
				CODE_SIGN_STYLE = Automatic;
				DEVELOPMENT_TEAM = 92FZ2QG34X;
				INFOPLIST_FILE = iQuizUITests/Info.plist;
				LD_RUNPATH_SEARCH_PATHS = (
					"$(inherited)",
					"@executable_path/Frameworks",
					"@loader_path/Frameworks",
				);
				PRODUCT_BUNDLE_IDENTIFIER = keeganhanes.iQuizUITests;
				PRODUCT_NAME = "$(TARGET_NAME)";
				SWIFT_VERSION = 4.2;
				TARGETED_DEVICE_FAMILY = "1,2";
				TEST_TARGET_NAME = iQuiz;
			};
			name = Release;
		};
/* End XCBuildConfiguration section */

/* Begin XCConfigurationList section */
		870D45A62220BBF200A8BFBF /* Build configuration list for PBXProject "iQuiz" */ = {
			isa = XCConfigurationList;
			buildConfigurations = (
				870D45D12220BBF300A8BFBF /* Debug */,
				870D45D22220BBF300A8BFBF /* Release */,
			);
			defaultConfigurationIsVisible = 0;
			defaultConfigurationName = Release;
		};
		870D45D32220BBF300A8BFBF /* Build configuration list for PBXNativeTarget "iQuiz" */ = {
			isa = XCConfigurationList;
			buildConfigurations = (
				870D45D42220BBF300A8BFBF /* Debug */,
				870D45D52220BBF300A8BFBF /* Release */,
			);
			defaultConfigurationIsVisible = 0;
			defaultConfigurationName = Release;
		};
		870D45D62220BBF300A8BFBF /* Build configuration list for PBXNativeTarget "iQuizTests" */ = {
			isa = XCConfigurationList;
			buildConfigurations = (
				870D45D72220BBF300A8BFBF /* Debug */,
				870D45D82220BBF300A8BFBF /* Release */,
			);
			defaultConfigurationIsVisible = 0;
			defaultConfigurationName = Release;
		};
		870D45D92220BBF300A8BFBF /* Build configuration list for PBXNativeTarget "iQuizUITests" */ = {
			isa = XCConfigurationList;
			buildConfigurations = (
				870D45DA2220BBF300A8BFBF /* Debug */,
				870D45DB2220BBF300A8BFBF /* Release */,
			);
			defaultConfigurationIsVisible = 0;
			defaultConfigurationName = Release;
		};
/* End XCConfigurationList section */
	};
	rootObject = 870D45A32220BBF200A8BFBF /* Project object */;
}
